
Microsoft Visual Studio Solution File, Format Version 12.00
# Visual Studio Version 17
VisualStudioVersion = 17.5.002.0
MinimumVisualStudioVersion = 10.0.40219.1
Project("{9A19103F-16F7-4668-BE54-9A1E7A4F7556}") = "Jokes", "Jokes.csproj", "{19BF1A56-E450-4861-A3D4-265EF7694443}"
EndProject
Global
	GlobalSection(SolutionConfigurationPlatforms) = preSolution
		Debug|Any CPU = Debug|Any CPU
		Release|Any CPU = Release|Any CPU
	EndGlobalSection
	GlobalSection(ProjectConfigurationPlatforms) = postSolution
		{19BF1A56-E450-4861-A3D4-265EF7694443}.Debug|Any CPU.ActiveCfg = Debug|Any CPU
		{19BF1A56-E450-4861-A3D4-265EF7694443}.Debug|Any CPU.Build.0 = Debug|Any CPU
		{19BF1A56-E450-4861-A3D4-265EF7694443}.Release|Any CPU.ActiveCfg = Release|Any CPU
		{19BF1A56-E450-4861-A3D4-265EF7694443}.Release|Any CPU.Build.0 = Release|Any CPU
	EndGlobalSection
	GlobalSection(SolutionProperties) = preSolution
		HideSolutionNode = FALSE
	EndGlobalSection
	GlobalSection(ExtensibilityGlobals) = postSolution
		SolutionGuid = {3529AE6A-24E1-49F3-8F9E-50A0F8AC122C}
	EndGlobalSection
EndGlobal
